
Microsoft Visual Studio Solution File, Format Version 12.00
# Visual Studio Version 16
VisualStudioVersion = 16.0.32602.291
MinimumVisualStudioVersion = 10.0.40219.1
Project("{FAE04EC0-301F-11D3-BF4B-00C04F79EFBC}") = "AppProduitTab", "AppProduitTab\AppProduitTab.csproj", "{857B75EC-4705-4BC1-BCCF-CC0B154B090D}"
EndProject
Global
	GlobalSection(SolutionConfigurationPlatforms) = preSolution
		Debug|Any CPU = Debug|Any CPU
		Release|Any CPU = Release|Any CPU
	EndGlobalSection
	GlobalSection(ProjectConfigurationPlatforms) = postSolution
		{857B75EC-4705-4BC1-BCCF-CC0B154B090D}.Debug|Any CPU.ActiveCfg = Debug|Any CPU
		{857B75EC-4705-4BC1-BCCF-CC0B154B090D}.Debug|Any CPU.Build.0 = Debug|Any CPU
		{857B75EC-4705-4BC1-BCCF-CC0B154B090D}.Release|Any CPU.ActiveCfg = Release|Any CPU
		{857B75EC-4705-4BC1-BCCF-CC0B154B090D}.Release|Any CPU.Build.0 = Release|Any CPU
	EndGlobalSection
	GlobalSection(SolutionProperties) = preSolution
		HideSolutionNode = FALSE
	EndGlobalSection
	GlobalSection(ExtensibilityGlobals) = postSolution
		SolutionGuid = {0B7D9994-AE39-4978-BE9F-04BBA111C4F6}
	EndGlobalSection
EndGlobal
