
Microsoft Visual Studio Solution File, Format Version 12.00
# Visual Studio Version 16
VisualStudioVersion = 16.0.32602.291
MinimumVisualStudioVersion = 10.0.40219.1
Project("{FAE04EC0-301F-11D3-BF4B-00C04F79EFBC}") = "AppFoncEntier", "AppFoncEntier\AppFoncEntier.csproj", "{710BD8C7-F547-4FE4-9D46-E952C24EA081}"
EndProject
Global
	GlobalSection(SolutionConfigurationPlatforms) = preSolution
		Debug|Any CPU = Debug|Any CPU
		Release|Any CPU = Release|Any CPU
	EndGlobalSection
	GlobalSection(ProjectConfigurationPlatforms) = postSolution
		{710BD8C7-F547-4FE4-9D46-E952C24EA081}.Debug|Any CPU.ActiveCfg = Debug|Any CPU
		{710BD8C7-F547-4FE4-9D46-E952C24EA081}.Debug|Any CPU.Build.0 = Debug|Any CPU
		{710BD8C7-F547-4FE4-9D46-E952C24EA081}.Release|Any CPU.ActiveCfg = Release|Any CPU
		{710BD8C7-F547-4FE4-9D46-E952C24EA081}.Release|Any CPU.Build.0 = Release|Any CPU
	EndGlobalSection
	GlobalSection(SolutionProperties) = preSolution
		HideSolutionNode = FALSE
	EndGlobalSection
	GlobalSection(ExtensibilityGlobals) = postSolution
		SolutionGuid = {3A305601-5F22-4862-BB95-3FE6D540F0B7}
	EndGlobalSection
EndGlobal
