
Microsoft Visual Studio Solution File, Format Version 12.00
# Visual Studio Version 16
VisualStudioVersion = 16.0.32602.291
MinimumVisualStudioVersion = 10.0.40219.1
Project("{FAE04EC0-301F-11D3-BF4B-00C04F79EFBC}") = "AppPrixCine", "AppPrixCine\AppPrixCine.csproj", "{F02956BC-D456-495F-B3FE-8B34EE09DE8A}"
EndProject
Global
	GlobalSection(SolutionConfigurationPlatforms) = preSolution
		Debug|Any CPU = Debug|Any CPU
		Release|Any CPU = Release|Any CPU
	EndGlobalSection
	GlobalSection(ProjectConfigurationPlatforms) = postSolution
		{F02956BC-D456-495F-B3FE-8B34EE09DE8A}.Debug|Any CPU.ActiveCfg = Debug|Any CPU
		{F02956BC-D456-495F-B3FE-8B34EE09DE8A}.Debug|Any CPU.Build.0 = Debug|Any CPU
		{F02956BC-D456-495F-B3FE-8B34EE09DE8A}.Release|Any CPU.ActiveCfg = Release|Any CPU
		{F02956BC-D456-495F-B3FE-8B34EE09DE8A}.Release|Any CPU.Build.0 = Release|Any CPU
	EndGlobalSection
	GlobalSection(SolutionProperties) = preSolution
		HideSolutionNode = FALSE
	EndGlobalSection
	GlobalSection(ExtensibilityGlobals) = postSolution
		SolutionGuid = {75C91F7F-F3FD-4F65-A540-B9199E9D58D4}
	EndGlobalSection
EndGlobal
